// !$*UTF8*$!
{
	archiveVersion = 1;
	classes = {
	};
	objectVersion = 50;
	objects = {

/* Begin PBXBuildFile section */
		23D12ACD20A1055E00DDE695 /* main.c in Sources */ = {isa = PBXBuildFile; fileRef = 23D12ACC20A1055E00DDE695 /* main.c */; };
		623480C957CB9B79ECA16842 /* Rendering.c in Sources */ = {isa = PBXBuildFile; fileRef = 623481EE366C85FF5909A3D9 /* Rendering.c */; };
		623489682EF9125505BB0736 /* Globals.c in Sources */ = {isa = PBXBuildFile; fileRef = 6234879E865A81F5BA24337D /* Globals.c */; };
		62348BE27D4D499B6F2CA596 /* Serial.c in Sources */ = {isa = PBXBuildFile; fileRef = 623480A02FF6335DDAA5DDCD /* Serial.c */; };
		62348C9157DE94A4814AFA80 /* Util.c in Sources */ = {isa = PBXBuildFile; fileRef = 62348740E235E9AECA001B0D /* Util.c */; };
/* End PBXBuildFile section */

/* Begin PBXCopyFilesBuildPhase section */
		23D12AC720A1055E00DDE695 /* CopyFiles */ = {
			isa = PBXCopyFilesBuildPhase;
			buildActionMask = 2147483647;
			dstPath = /usr/share/man/man1/;
			dstSubfolderSpec = 0;
			files = (
			);
			runOnlyForDeploymentPostprocessing = 1;
		};
/* End PBXCopyFilesBuildPhase section */

/* Begin PBXFileReference section */
		23D12AC920A1055E00DDE695 /* Conductor */ = {isa = PBXFileReference; explicitFileType = "compiled.mach-o.executable"; includeInIndex = 0; path = Conductor; sourceTree = BUILT_PRODUCTS_DIR; };
		23D12ACC20A1055E00DDE695 /* main.c */ = {isa = PBXFileReference; lastKnownFileType = sourcecode.c.c; path = main.c; sourceTree = "<group>"; };
		623480A02FF6335DDAA5DDCD /* Serial.c */ = {isa = PBXFileReference; fileEncoding = 4; lastKnownFileType = sourcecode.c.c; path = Serial.c; sourceTree = "<group>"; };
		623480B3D6BF7AC37680F577 /* Globals.h */ = {isa = PBXFileReference; fileEncoding = 4; lastKnownFileType = sourcecode.c.h; path = Globals.h; sourceTree = "<group>"; };
		623481C857DA392702C103F8 /* Includes.h */ = {isa = PBXFileReference; fileEncoding = 4; lastKnownFileType = sourcecode.c.h; path = Includes.h; sourceTree = "<group>"; };
		623481EE366C85FF5909A3D9 /* Rendering.c */ = {isa = PBXFileReference; fileEncoding = 4; lastKnownFileType = sourcecode.c.c; path = Rendering.c; sourceTree = "<group>"; };
		623484F35D008B69CD628650 /* Rendering.h */ = {isa = PBXFileReference; fileEncoding = 4; lastKnownFileType = sourcecode.c.h; path = Rendering.h; sourceTree = "<group>"; };
		623486805846B99EF8D6601A /* Util.h */ = {isa = PBXFileReference; fileEncoding = 4; lastKnownFileType = sourcecode.c.h; path = Util.h; sourceTree = "<group>"; };
		62348740E235E9AECA001B0D /* Util.c */ = {isa = PBXFileReference; fileEncoding = 4; lastKnownFileType = sourcecode.c.c; path = Util.c; sourceTree = "<group>"; };
		6234879E865A81F5BA24337D /* Globals.c */ = {isa = PBXFileReference; fileEncoding = 4; lastKnownFileType = sourcecode.c.c; path = Globals.c; sourceTree = "<group>"; };
		62348F9D5D22FC72B4B7F305 /* Serial.h */ = {isa = PBXFileReference; fileEncoding = 4; lastKnownFileType = sourcecode.c.h; path = Serial.h; sourceTree = "<group>"; };
/* End PBXFileReference section */

/* Begin PBXFrameworksBuildPhase section */
		23D12AC620A1055E00DDE695 /* Frameworks */ = {
			isa = PBXFrameworksBuildPhase;
			buildActionMask = 2147483647;
			files = (
			);
			runOnlyForDeploymentPostprocessing = 0;
		};
/* End PBXFrameworksBuildPhase section */

/* Begin PBXGroup section */
		23D12AC020A1055E00DDE695 = {
			isa = PBXGroup;
			children = (
				23D12ACB20A1055E00DDE695 /* Conductor */,
				23D12ACA20A1055E00DDE695 /* Products */,
			);
			sourceTree = "<group>";
		};
		23D12ACA20A1055E00DDE695 /* Products */ = {
			isa = PBXGroup;
			children = (
				23D12AC920A1055E00DDE695 /* Conductor */,
			);
			name = Products;
			sourceTree = "<group>";
		};
		23D12ACB20A1055E00DDE695 /* Conductor */ = {
			isa = PBXGroup;
			children = (
				23D12ACC20A1055E00DDE695 /* main.c */,
				62348F9D5D22FC72B4B7F305 /* Serial.h */,
				623480A02FF6335DDAA5DDCD /* Serial.c */,
				623480B3D6BF7AC37680F577 /* Globals.h */,
				6234879E865A81F5BA24337D /* Globals.c */,
				623481C857DA392702C103F8 /* Includes.h */,
				623486805846B99EF8D6601A /* Util.h */,
				62348740E235E9AECA001B0D /* Util.c */,
				623481EE366C85FF5909A3D9 /* Rendering.c */,
				623484F35D008B69CD628650 /* Rendering.h */,
			);
			path = Conductor;
			sourceTree = "<group>";
		};
/* End PBXGroup section */

/* Begin PBXNativeTarget section */
		23D12AC820A1055E00DDE695 /* Conductor */ = {
			isa = PBXNativeTarget;
			buildConfigurationList = 23D12AD020A1055E00DDE695 /* Build configuration list for PBXNativeTarget "Conductor" */;
			buildPhases = (
				23D12AC520A1055E00DDE695 /* Sources */,
				23D12AC620A1055E00DDE695 /* Frameworks */,
				23D12AC720A1055E00DDE695 /* CopyFiles */,
			);
			buildRules = (
			);
			dependencies = (
			);
			name = Conductor;
			productName = Conductor;
			productReference = 23D12AC920A1055E00DDE695 /* Conductor */;
			productType = "com.apple.product-type.tool";
		};
/* End PBXNativeTarget section */

/* Begin PBXProject section */
		23D12AC120A1055E00DDE695 /* Project object */ = {
			isa = PBXProject;
			attributes = {
				LastUpgradeCheck = 0930;
				ORGANIZATIONNAME = "Dao of Development";
				TargetAttributes = {
					23D12AC820A1055E00DDE695 = {
						CreatedOnToolsVersion = 9.3;
					};
				};
			};
			buildConfigurationList = 23D12AC420A1055E00DDE695 /* Build configuration list for PBXProject "Conductor" */;
			compatibilityVersion = "Xcode 9.3";
			developmentRegion = en;
			hasScannedForEncodings = 0;
			knownRegions = (
				en,
			);
			mainGroup = 23D12AC020A1055E00DDE695;
			productRefGroup = 23D12ACA20A1055E00DDE695 /* Products */;
			projectDirPath = "";
			projectRoot = "";
			targets = (
				23D12AC820A1055E00DDE695 /* Conductor */,
			);
		};
/* End PBXProject section */

/* Begin PBXSourcesBuildPhase section */
		23D12AC520A1055E00DDE695 /* Sources */ = {
			isa = PBXSourcesBuildPhase;
			buildActionMask = 2147483647;
			files = (
				23D12ACD20A1055E00DDE695 /* main.c in Sources */,
				62348BE27D4D499B6F2CA596 /* Serial.c in Sources */,
				623489682EF9125505BB0736 /* Globals.c in Sources */,
				62348C9157DE94A4814AFA80 /* Util.c in Sources */,
				623480C957CB9B79ECA16842 /* Rendering.c in Sources */,
			);
			runOnlyForDeploymentPostprocessing = 0;
		};
/* End PBXSourcesBuildPhase section */

/* Begin XCBuildConfiguration section */
		23D12ACE20A1055E00DDE695 /* Debug */ = {
			isa = XCBuildConfiguration;
			buildSettings = {
				ALWAYS_SEARCH_USER_PATHS = NO;
				CLANG_ANALYZER_NONNULL = YES;
				CLANG_ANALYZER_NUMBER_OBJECT_CONVERSION = YES_AGGRESSIVE;
				CLANG_CXX_LANGUAGE_STANDARD = "gnu++14";
				CLANG_CXX_LIBRARY = "libc++";
				CLANG_ENABLE_MODULES = YES;
				CLANG_ENABLE_OBJC_ARC = YES;
				CLANG_ENABLE_OBJC_WEAK = YES;
				CLANG_WARN_BLOCK_CAPTURE_AUTORELEASING = YES;
				CLANG_WARN_BOOL_CONVERSION = YES;
				CLANG_WARN_COMMA = YES;
				CLANG_WARN_CONSTANT_CONVERSION = YES;
				CLANG_WARN_DEPRECATED_OBJC_IMPLEMENTATIONS = YES;
				CLANG_WARN_DIRECT_OBJC_ISA_USAGE = YES_ERROR;
				CLANG_WARN_DOCUMENTATION_COMMENTS = YES;
				CLANG_WARN_EMPTY_BODY = YES;
				CLANG_WARN_ENUM_CONVERSION = YES;
				CLANG_WARN_INFINITE_RECURSION = YES;
				CLANG_WARN_INT_CONVERSION = YES;
				CLANG_WARN_NON_LITERAL_NULL_CONVERSION = YES;
				CLANG_WARN_OBJC_IMPLICIT_RETAIN_SELF = YES;
				CLANG_WARN_OBJC_LITERAL_CONVERSION = YES;
				CLANG_WARN_OBJC_ROOT_CLASS = YES_ERROR;
				CLANG_WARN_RANGE_LOOP_ANALYSIS = YES;
				CLANG_WARN_STRICT_PROTOTYPES = YES;
				CLANG_WARN_SUSPICIOUS_MOVE = YES;
				CLANG_WARN_UNGUARDED_AVAILABILITY = YES_AGGRESSIVE;
				CLANG_WARN_UNREACHABLE_CODE = YES;
				CLANG_WARN__DUPLICATE_METHOD_MATCH = YES;
				CODE_SIGN_IDENTITY = "Mac Developer";
				COPY_PHASE_STRIP = NO;
				DEBUG_INFORMATION_FORMAT = dwarf;
				ENABLE_STRICT_OBJC_MSGSEND = YES;
				ENABLE_TESTABILITY = YES;
				GCC_C_LANGUAGE_STANDARD = gnu11;
				GCC_DYNAMIC_NO_PIC = NO;
				GCC_NO_COMMON_BLOCKS = YES;
				GCC_OPTIMIZATION_LEVEL = 0;
				GCC_PREPROCESSOR_DEFINITIONS = (
					"DEBUG=1",
					"$(inherited)",
				);
				GCC_WARN_64_TO_32_BIT_CONVERSION = YES;
				GCC_WARN_ABOUT_RETURN_TYPE = YES_ERROR;
				GCC_WARN_UNDECLARED_SELECTOR = YES;
				GCC_WARN_UNINITIALIZED_AUTOS = YES_AGGRESSIVE;
				GCC_WARN_UNUSED_FUNCTION = YES;
				GCC_WARN_UNUSED_VARIABLE = YES;
				MACOSX_DEPLOYMENT_TARGET = 10.13;
				MTL_ENABLE_DEBUG_INFO = YES;
				ONLY_ACTIVE_ARCH = YES;
				SDKROOT = macosx;
			};
			name = Debug;
		};
		23D12ACF20A1055E00DDE695 /* Release */ = {
			isa = XCBuildConfiguration;
			buildSettings = {
				ALWAYS_SEARCH_USER_PATHS = NO;
				CLANG_ANALYZER_NONNULL = YES;
				CLANG_ANALYZER_NUMBER_OBJECT_CONVERSION = YES_AGGRESSIVE;
				CLANG_CXX_LANGUAGE_STANDARD = "gnu++14";
				CLANG_CXX_LIBRARY = "libc++";
				CLANG_ENABLE_MODULES = YES;
				CLANG_ENABLE_OBJC_ARC = YES;
				CLANG_ENABLE_OBJC_WEAK = YES;
				CLANG_WARN_BLOCK_CAPTURE_AUTORELEASING = YES;
				CLANG_WARN_BOOL_CONVERSION = YES;
				CLANG_WARN_COMMA = YES;
				CLANG_WARN_CONSTANT_CONVERSION = YES;
				CLANG_WARN_DEPRECATED_OBJC_IMPLEMENTATIONS = YES;
				CLANG_WARN_DIRECT_OBJC_ISA_USAGE = YES_ERROR;
				CLANG_WARN_DOCUMENTATION_COMMENTS = YES;
				CLANG_WARN_EMPTY_BODY = YES;
				CLANG_WARN_ENUM_CONVERSION = YES;
				CLANG_WARN_INFINITE_RECURSION = YES;
				CLANG_WARN_INT_CONVERSION = YES;
				CLANG_WARN_NON_LITERAL_NULL_CONVERSION = YES;
				CLANG_WARN_OBJC_IMPLICIT_RETAIN_SELF = YES;
				CLANG_WARN_OBJC_LITERAL_CONVERSION = YES;
				CLANG_WARN_OBJC_ROOT_CLASS = YES_ERROR;
				CLANG_WARN_RANGE_LOOP_ANALYSIS = YES;
				CLANG_WARN_STRICT_PROTOTYPES = YES;
				CLANG_WARN_SUSPICIOUS_MOVE = YES;
				CLANG_WARN_UNGUARDED_AVAILABILITY = YES_AGGRESSIVE;
				CLANG_WARN_UNREACHABLE_CODE = YES;
				CLANG_WARN__DUPLICATE_METHOD_MATCH = YES;
				CODE_SIGN_IDENTITY = "Mac Developer";
				COPY_PHASE_STRIP = NO;
				DEBUG_INFORMATION_FORMAT = "dwarf-with-dsym";
				ENABLE_NS_ASSERTIONS = NO;
				ENABLE_STRICT_OBJC_MSGSEND = YES;
				GCC_C_LANGUAGE_STANDARD = gnu11;
				GCC_NO_COMMON_BLOCKS = YES;
				GCC_WARN_64_TO_32_BIT_CONVERSION = YES;
				GCC_WARN_ABOUT_RETURN_TYPE = YES_ERROR;
				GCC_WARN_UNDECLARED_SELECTOR = YES;
				GCC_WARN_UNINITIALIZED_AUTOS = YES_AGGRESSIVE;
				GCC_WARN_UNUSED_FUNCTION = YES;
				GCC_WARN_UNUSED_VARIABLE = YES;
				MACOSX_DEPLOYMENT_TARGET = 10.13;
				MTL_ENABLE_DEBUG_INFO = NO;
				SDKROOT = macosx;
			};
			name = Release;
		};
		23D12AD120A1055E00DDE695 /* Debug */ = {
			isa = XCBuildConfiguration;
			buildSettings = {
				CODE_SIGN_STYLE = Automatic;
				DEVELOPMENT_TEAM = 8QQL6JC82M;
				PRODUCT_NAME = "$(TARGET_NAME)";
			};
			name = Debug;
		};
		23D12AD220A1055E00DDE695 /* Release */ = {
			isa = XCBuildConfiguration;
			buildSettings = {
				CODE_SIGN_STYLE = Automatic;
				DEVELOPMENT_TEAM = 8QQL6JC82M;
				PRODUCT_NAME = "$(TARGET_NAME)";
			};
			name = Release;
		};
/* End XCBuildConfiguration section */

/* Begin XCConfigurationList section */
		23D12AC420A1055E00DDE695 /* Build configuration list for PBXProject "Conductor" */ = {
			isa = XCConfigurationList;
			buildConfigurations = (
				23D12ACE20A1055E00DDE695 /* Debug */,
				23D12ACF20A1055E00DDE695 /* Release */,
			);
			defaultConfigurationIsVisible = 0;
			defaultConfigurationName = Release;
		};
		23D12AD020A1055E00DDE695 /* Build configuration list for PBXNativeTarget "Conductor" */ = {
			isa = XCConfigurationList;
			buildConfigurations = (
				23D12AD120A1055E00DDE695 /* Debug */,
				23D12AD220A1055E00DDE695 /* Release */,
			);
			defaultConfigurationIsVisible = 0;
			defaultConfigurationName = Release;
		};
/* End XCConfigurationList section */
	};
	rootObject = 23D12AC120A1055E00DDE695 /* Project object */;
}
